
Microsoft Visual Studio Solution File, Format Version 11.00
# Visual Studio 2010
Project("{FAE04EC0-301F-11D3-BF4B-00C04F79EFBC}") = "NameGenerator", "NameGenerator\NameGenerator.csproj", "{BD0C92FD-8752-4135-B8AB-5E6A6F416237}"
EndProject
Global
	GlobalSection(SolutionConfigurationPlatforms) = preSolution
		Debug|x86 = Debug|x86
		Release|x86 = Release|x86
	EndGlobalSection
	GlobalSection(ProjectConfigurationPlatforms) = postSolution
		{BD0C92FD-8752-4135-B8AB-5E6A6F416237}.Debug|x86.ActiveCfg = Debug|x86
		{BD0C92FD-8752-4135-B8AB-5E6A6F416237}.Debug|x86.Build.0 = Debug|x86
		{BD0C92FD-8752-4135-B8AB-5E6A6F416237}.Release|x86.ActiveCfg = Release|x86
		{BD0C92FD-8752-4135-B8AB-5E6A6F416237}.Release|x86.Build.0 = Release|x86
	EndGlobalSection
	GlobalSection(SolutionProperties) = preSolution
		HideSolutionNode = FALSE
	EndGlobalSection
EndGlobal
